// !$*UTF8*$!
{
	archiveVersion = 1;
	classes = {
	};
	objectVersion = 46;
	objects = {

/* Begin PBXBuildFile section */
		17DBACCA1B6BA1F400857E18 /* main.m in Sources */ = {isa = PBXBuildFile; fileRef = 17DBACC91B6BA1F400857E18 /* main.m */; };
/* End PBXBuildFile section */

/* Begin PBXCopyFilesBuildPhase section */
		17DBACC41B6BA1F400857E18 /* CopyFiles */ = {
			isa = PBXCopyFilesBuildPhase;
			buildActionMask = 2147483647;
			dstPath = /usr/share/man/man1/;
			dstSubfolderSpec = 0;
			files = (
			);
			runOnlyForDeploymentPostprocessing = 1;
		};
/* End PBXCopyFilesBuildPhase section */

/* Begin PBXFileReference section */
		17DBACC61B6BA1F400857E18 /* 16-4-Enumerate */ = {isa = PBXFileReference; explicitFileType = "compiled.mach-o.executable"; includeInIndex = 0; path = "16-4-Enumerate"; sourceTree = BUILT_PRODUCTS_DIR; };
		17DBACC91B6BA1F400857E18 /* main.m */ = {isa = PBXFileReference; lastKnownFileType = sourcecode.c.objc; path = main.m; sourceTree = "<group>"; };
/* End PBXFileReference section */

/* Begin PBXFrameworksBuildPhase section */
		17DBACC31B6BA1F400857E18 /* Frameworks */ = {
			isa = PBXFrameworksBuildPhase;
			buildActionMask = 2147483647;
			files = (
			);
			runOnlyForDeploymentPostprocessing = 0;
		};
/* End PBXFrameworksBuildPhase section */

/* Begin PBXGroup section */
		17DBACBD1B6BA1F400857E18 = {
			isa = PBXGroup;
			children = (
				17DBACC81B6BA1F400857E18 /* 16-4-Enumerate */,
				17DBACC71B6BA1F400857E18 /* Products */,
			);
			sourceTree = "<group>";
		};
		17DBACC71B6BA1F400857E18 /* Products */ = {
			isa = PBXGroup;
			children = (
				17DBACC61B6BA1F400857E18 /* 16-4-Enumerate */,
			);
			name = Products;
			sourceTree = "<group>";
		};
		17DBACC81B6BA1F400857E18 /* 16-4-Enumerate */ = {
			isa = PBXGroup;
			children = (
				17DBACC91B6BA1F400857E18 /* main.m */,
			);
			path = "16-4-Enumerate";
			sourceTree = "<group>";
		};
/* End PBXGroup section */

/* Begin PBXNativeTarget section */
		17DBACC51B6BA1F400857E18 /* 16-4-Enumerate */ = {
			isa = PBXNativeTarget;
			buildConfigurationList = 17DBACCD1B6BA1F400857E18 /* Build configuration list for PBXNativeTarget "16-4-Enumerate" */;
			buildPhases = (
				17DBACC21B6BA1F400857E18 /* Sources */,
				17DBACC31B6BA1F400857E18 /* Frameworks */,
				17DBACC41B6BA1F400857E18 /* CopyFiles */,
			);
			buildRules = (
			);
			dependencies = (
			);
			name = "16-4-Enumerate";
			productName = "16-4-Enumerate";
			productReference = 17DBACC61B6BA1F400857E18 /* 16-4-Enumerate */;
			productType = "com.apple.product-type.tool";
		};
/* End PBXNativeTarget section */

/* Begin PBXProject section */
		17DBACBE1B6BA1F400857E18 /* Project object */ = {
			isa = PBXProject;
			attributes = {
				LastUpgradeCheck = 0640;
				ORGANIZATIONNAME = "Alex Izotov";
				TargetAttributes = {
					17DBACC51B6BA1F400857E18 = {
						CreatedOnToolsVersion = 6.4;
					};
				};
			};
			buildConfigurationList = 17DBACC11B6BA1F400857E18 /* Build configuration list for PBXProject "16-4-Enumerate" */;
			compatibilityVersion = "Xcode 3.2";
			developmentRegion = English;
			hasScannedForEncodings = 0;
			knownRegions = (
				en,
			);
			mainGroup = 17DBACBD1B6BA1F400857E18;
			productRefGroup = 17DBACC71B6BA1F400857E18 /* Products */;
			projectDirPath = "";
			projectRoot = "";
			targets = (
				17DBACC51B6BA1F400857E18 /* 16-4-Enumerate */,
			);
		};
/* End PBXProject section */

/* Begin PBXSourcesBuildPhase section */
		17DBACC21B6BA1F400857E18 /* Sources */ = {
			isa = PBXSourcesBuildPhase;
			buildActionMask = 2147483647;
			files = (
				17DBACCA1B6BA1F400857E18 /* main.m in Sources */,
			);
			runOnlyForDeploymentPostprocessing = 0;
		};
/* End PBXSourcesBuildPhase section */

/* Begin XCBuildConfiguration section */
		17DBACCB1B6BA1F400857E18 /* Debug */ = {
			isa = XCBuildConfiguration;
			buildSettings = {
				ALWAYS_SEARCH_USER_PATHS = NO;
				CLANG_CXX_LANGUAGE_STANDARD = "gnu++0x";
				CLANG_CXX_LIBRARY = "libc++";
				CLANG_ENABLE_MODULES = YES;
				CLANG_ENABLE_OBJC_ARC = YES;
				CLANG_WARN_BOOL_CONVERSION = YES;
				CLANG_WARN_CONSTANT_CONVERSION = YES;
				CLANG_WARN_DIRECT_OBJC_ISA_USAGE = YES_ERROR;
				CLANG_WARN_EMPTY_BODY = YES;
				CLANG_WARN_ENUM_CONVERSION = YES;
				CLANG_WARN_INT_CONVERSION = YES;
				CLANG_WARN_OBJC_ROOT_CLASS = YES_ERROR;
				CLANG_WARN_UNREACHABLE_CODE = YES;
				CLANG_WARN__DUPLICATE_METHOD_MATCH = YES;
				COPY_PHASE_STRIP = NO;
				DEBUG_INFORMATION_FORMAT = dwarf;
				ENABLE_STRICT_OBJC_MSGSEND = YES;
				GCC_C_LANGUAGE_STANDARD = gnu99;
				GCC_DYNAMIC_NO_PIC = NO;
				GCC_NO_COMMON_BLOCKS = YES;
				GCC_OPTIMIZATION_LEVEL = 0;
				GCC_PREPROCESSOR_DEFINITIONS = (
					"DEBUG=1",
					"$(inherited)",
				);
				GCC_SYMBOLS_PRIVATE_EXTERN = NO;
				GCC_WARN_64_TO_32_BIT_CONVERSION = YES;
				GCC_WARN_ABOUT_RETURN_TYPE = YES_ERROR;
				GCC_WARN_UNDECLARED_SELECTOR = YES;
				GCC_WARN_UNINITIALIZED_AUTOS = YES_AGGRESSIVE;
				GCC_WARN_UNUSED_FUNCTION = YES;
				GCC_WARN_UNUSED_VARIABLE = YES;
				MACOSX_DEPLOYMENT_TARGET = 10.10;
				MTL_ENABLE_DEBUG_INFO = YES;
				ONLY_ACTIVE_ARCH = YES;
				SDKROOT = macosx;
			};
			name = Debug;
		};
		17DBACCC1B6BA1F400857E18 /* Release */ = {
			isa = XCBuildConfiguration;
			buildSettings = {
				ALWAYS_SEARCH_USER_PATHS = NO;
				CLANG_CXX_LANGUAGE_STANDARD = "gnu++0x";
				CLANG_CXX_LIBRARY = "libc++";
				CLANG_ENABLE_MODULES = YES;
				CLANG_ENABLE_OBJC_ARC = YES;
				CLANG_WARN_BOOL_CONVERSION = YES;
				CLANG_WARN_CONSTANT_CONVERSION = YES;
				CLANG_WARN_DIRECT_OBJC_ISA_USAGE = YES_ERROR;
				CLANG_WARN_EMPTY_BODY = YES;
				CLANG_WARN_ENUM_CONVERSION = YES;
				CLANG_WARN_INT_CONVERSION = YES;
				CLANG_WARN_OBJC_ROOT_CLASS = YES_ERROR;
				CLANG_WARN_UNREACHABLE_CODE = YES;
				CLANG_WARN__DUPLICATE_METHOD_MATCH = YES;
				COPY_PHASE_STRIP = NO;
				DEBUG_INFORMATION_FORMAT = "dwarf-with-dsym";
				ENABLE_NS_ASSERTIONS = NO;
				ENABLE_STRICT_OBJC_MSGSEND = YES;
				GCC_C_LANGUAGE_STANDARD = gnu99;
				GCC_NO_COMMON_BLOCKS = YES;
				GCC_WARN_64_TO_32_BIT_CONVERSION = YES;
				GCC_WARN_ABOUT_RETURN_TYPE = YES_ERROR;
				GCC_WARN_UNDECLARED_SELECTOR = YES;
				GCC_WARN_UNINITIALIZED_AUTOS = YES_AGGRESSIVE;
				GCC_WARN_UNUSED_FUNCTION = YES;
				GCC_WARN_UNUSED_VARIABLE = YES;
				MACOSX_DEPLOYMENT_TARGET = 10.10;
				MTL_ENABLE_DEBUG_INFO = NO;
				SDKROOT = macosx;
			};
			name = Release;
		};
		17DBACCE1B6BA1F400857E18 /* Debug */ = {
			isa = XCBuildConfiguration;
			buildSettings = {
				PRODUCT_NAME = "$(TARGET_NAME)";
			};
			name = Debug;
		};
		17DBACCF1B6BA1F400857E18 /* Release */ = {
			isa = XCBuildConfiguration;
			buildSettings = {
				PRODUCT_NAME = "$(TARGET_NAME)";
			};
			name = Release;
		};
/* End XCBuildConfiguration section */

/* Begin XCConfigurationList section */
		17DBACC11B6BA1F400857E18 /* Build configuration list for PBXProject "16-4-Enumerate" */ = {
			isa = XCConfigurationList;
			buildConfigurations = (
				17DBACCB1B6BA1F400857E18 /* Debug */,
				17DBACCC1B6BA1F400857E18 /* Release */,
			);
			defaultConfigurationIsVisible = 0;
			defaultConfigurationName = Release;
		};
		17DBACCD1B6BA1F400857E18 /* Build configuration list for PBXNativeTarget "16-4-Enumerate" */ = {
			isa = XCConfigurationList;
			buildConfigurations = (
				17DBACCE1B6BA1F400857E18 /* Debug */,
				17DBACCF1B6BA1F400857E18 /* Release */,
			);
			defaultConfigurationIsVisible = 0;
		};
/* End XCConfigurationList section */
	};
	rootObject = 17DBACBE1B6BA1F400857E18 /* Project object */;
}
